hash: c27b53c16c73b4491afb7cb14bae797d48fb773ad4bb3c4cf95d39cbdb717a06
updated: 2017-08-10T16:11:25.592591457-05:00
imports:
- name: github.com/agl/ed25519
  version: 278e1ec8e8a6e017cd07577924d6766039146ced
  subpackages:
  - edwards25519
  - extra25519
- name: github.com/btcsuite/btclog
  version: 84c8d2346e9fc8c7b947e243b9c24e6df9fd206a
- name: github.com/btcsuite/go-flags
  version: 6c288d648c1cc1befcb90cb5511dcacf64ae8e61
- name: github.com/btcsuite/seelog
  version: ae8891d029dd3c269dcfd6f261ad23e761acd99f
- name: github.com/davecgh/go-spew
  version: 346938d642f2ec3594ed81d874461961cd0faa76
  subpackages:
  - spew
- name: github.com/decred/blake256
  version: a840e32d7c31fe2e0218607334cb120a683951a4
- name: github.com/decred/dcrd
  version: 713164983204ef44185aa4cd6a48fed096188d46
  subpackages:
  - chaincfg
  - chaincfg/chainec
  - chaincfg/chainhash
  - dcrec/edwards
  - dcrec/secp256k1
  - dcrec/secp256k1/schnorr
  - wire
- name: github.com/decred/dcrtime
  version: 3ffb7e410ee44f95a0289c310714b9677a4991fc
  subpackages:
  - api/v1
  - merkle
- name: github.com/decred/dcrutil
  version: a5fab53cab39b793142c8453caa4c6f83bc152d4
  subpackages:
  - base58
- name: github.com/decred/dcrwallet
  version: fdc45f39a468305fa966b6c7407a7d813a3311ca
  subpackages:
  - netparams
- name: github.com/golang/snappy
  version: 553a641470496b2327abcac10b36396bd98e45c9
- name: github.com/gorilla/context
  version: 08b5f424b9271eedf6f9f0ce86cb9396ed337a42
- name: github.com/gorilla/mux
  version: bcd8bc72b08df0f70df986b97f95590779502d31
- name: github.com/jrick/logrotate
  version: a93b200c26cbae3bb09dd0dc2c7c7fe1468a034a
  subpackages:
  - rotator
- name: github.com/kennygrant/sanitize
  version: 6a0bfdde8629a3a3a7418a7eae45c54154692514
- name: github.com/marcopeereboom/lockfile
  version: fa7227f6d7686f9c5d3b3da34e3c0bcb88683572
- name: github.com/robfig/cron
  version: b024fc5ea0e34bc3f83d9941c8d60b0622bfaca4
- name: github.com/syndtr/goleveldb
  version: 8c81ea47d4c41a385645e133e15510fc6a2a74b4
  subpackages:
  - leveldb
  - leveldb/cache
  - leveldb/comparer
  - leveldb/errors
  - leveldb/filter
  - leveldb/iterator
  - leveldb/journal
  - leveldb/memdb
  - leveldb/opt
  - leveldb/storage
  - leveldb/table
  - leveldb/util
- name: golang.org/x/crypto
  version: 84f24dfdf3c414ed893ca1b318d0045ef5a1f607
  subpackages:
  - curve25519
  - ripemd160
- name: golang.org/x/net
  version: 8663ed5da4fd087c3cfb99a996e628b72e2f0948
  subpackages:
  - html
  - html/atom
testImports:
- name: github.com/pmezard/go-difflib
  version: 792786c7400a136282c1664665ae0a8db921c6c2
  subpackages:
  - difflib
